
Microsoft Visual Studio Solution File, Format Version 12.00
# Visual Studio Version 17
VisualStudioVersion = 17.14.36518.9 d17.14
MinimumVisualStudioVersion = 10.0.40219.1
Project("{FAE04EC0-301F-11D3-BF4B-00C04F79EFBC}") = "WebAppMvcClientLocation", "WebAppMvcClientLocation.csproj", "{8378FCBC-FAA2-4EC5-8421-CA57FAF76E1E}"
EndProject
Global
	GlobalSection(SolutionConfigurationPlatforms) = preSolution
		Debug|Any CPU = Debug|Any CPU
		Release|Any CPU = Release|Any CPU
	EndGlobalSection
	GlobalSection(ProjectConfigurationPlatforms) = postSolution
		{8378FCBC-FAA2-4EC5-8421-CA57FAF76E1E}.Debug|Any CPU.ActiveCfg = Debug|Any CPU
		{8378FCBC-FAA2-4EC5-8421-CA57FAF76E1E}.Debug|Any CPU.Build.0 = Debug|Any CPU
		{8378FCBC-FAA2-4EC5-8421-CA57FAF76E1E}.Release|Any CPU.ActiveCfg = Release|Any CPU
		{8378FCBC-FAA2-4EC5-8421-CA57FAF76E1E}.Release|Any CPU.Build.0 = Release|Any CPU
	EndGlobalSection
	GlobalSection(SolutionProperties) = preSolution
		HideSolutionNode = FALSE
	EndGlobalSection
	GlobalSection(ExtensibilityGlobals) = postSolution
		SolutionGuid = {22EFD811-1166-49C0-A4A7-2F676244B876}
	EndGlobalSection
EndGlobal
